// !$*UTF8*$!
{
	archiveVersion = 1;
	classes = {
	};
	objectVersion = 51;
	objects = {

/* Begin PBXBuildFile section */
		312D0349D5E15BF133EA2F97 /* Pods_ProjectTests.framework in Frameworks */ = {isa = PBXBuildFile; fileRef = 2DFE464E2F2DBAA580A615B6 /* Pods_ProjectTests.framework */; };
		4923497624BFC6820089C91F /* HomepageViewController.swift in Sources */ = {isa = PBXBuildFile; fileRef = 4923497524BFC6820089C91F /* HomepageViewController.swift */; };
		49A96AA224D2DAF800A37526 /* HomeViewController.swift in Sources */ = {isa = PBXBuildFile; fileRef = 49A96AA124D2DAF800A37526 /* HomeViewController.swift */; };
		49A96AA424D2E51B00A37526 /* LocationViewController.swift in Sources */ = {isa = PBXBuildFile; fileRef = 49A96AA324D2E51B00A37526 /* LocationViewController.swift */; };
		49A96AA824D3A45700A37526 /* settingsImage2.jpg in Resources */ = {isa = PBXBuildFile; fileRef = 49A96AA724D3A45700A37526 /* settingsImage2.jpg */; };
		49A96AAA24D3A58B00A37526 /* SettingsViewController.swift in Sources */ = {isa = PBXBuildFile; fileRef = 49A96AA924D3A58B00A37526 /* SettingsViewController.swift */; };
		49A9824B24C78E1800BEE6B2 /* future.jpg in Resources */ = {isa = PBXBuildFile; fileRef = 49A9824A24C78E1800BEE6B2 /* future.jpg */; };
		49D9F24024CA142200D3420F /* future.jpg in Resources */ = {isa = PBXBuildFile; fileRef = 49D9F23F24CA142200D3420F /* future.jpg */; };
		560D1F8624BE1D5000419424 /* AppDelegate.swift in Sources */ = {isa = PBXBuildFile; fileRef = 560D1F8524BE1D5000419424 /* AppDelegate.swift */; };
		560D1F8824BE1D5000419424 /* SceneDelegate.swift in Sources */ = {isa = PBXBuildFile; fileRef = 560D1F8724BE1D5000419424 /* SceneDelegate.swift */; };
		560D1F8A24BE1D5000419424 /* ViewController.swift in Sources */ = {isa = PBXBuildFile; fileRef = 560D1F8924BE1D5000419424 /* ViewController.swift */; };
		560D1F8D24BE1D5000419424 /* Main.storyboard in Resources */ = {isa = PBXBuildFile; fileRef = 560D1F8B24BE1D5000419424 /* Main.storyboard */; };
		560D1F8F24BE1D5100419424 /* Assets.xcassets in Resources */ = {isa = PBXBuildFile; fileRef = 560D1F8E24BE1D5100419424 /* Assets.xcassets */; };
		560D1F9224BE1D5100419424 /* LaunchScreen.storyboard in Resources */ = {isa = PBXBuildFile; fileRef = 560D1F9024BE1D5100419424 /* LaunchScreen.storyboard */; };
		560D1F9D24BE1D5100419424 /* ProjectTests.swift in Sources */ = {isa = PBXBuildFile; fileRef = 560D1F9C24BE1D5100419424 /* ProjectTests.swift */; };
		560D1FA824BE1D5100419424 /* ProjectUITests.swift in Sources */ = {isa = PBXBuildFile; fileRef = 560D1FA724BE1D5100419424 /* ProjectUITests.swift */; };
		560D1FBA24BE20CF00419424 /* LoginViewController.swift in Sources */ = {isa = PBXBuildFile; fileRef = 560D1FB924BE20CF00419424 /* LoginViewController.swift */; };
		56755FBB24CA0AA400FDC628 /* GoogleService-Info.plist in Resources */ = {isa = PBXBuildFile; fileRef = 56755FBA24CA0AA400FDC628 /* GoogleService-Info.plist */; };
		56755FBD24CA12EF00FDC628 /* RegisterViewController.swift in Sources */ = {isa = PBXBuildFile; fileRef = 56755FBC24CA12EF00FDC628 /* RegisterViewController.swift */; };
		A0A141879DE6F19584370AFF /* Pods_Project.framework in Frameworks */ = {isa = PBXBuildFile; fileRef = 851C817258DAA6C122B0C89A /* Pods_Project.framework */; };
		F7A030C810672542EA7AB280 /* Pods_Project_ProjectUITests.framework in Frameworks */ = {isa = PBXBuildFile; fileRef = 1147D580A6A6A86F961D14D8 /* Pods_Project_ProjectUITests.framework */; };
		FD2594CB24D1F7CA002A51D4 /* NoteDetailViewController.swift in Sources */ = {isa = PBXBuildFile; fileRef = FD2594CA24D1F7CA002A51D4 /* NoteDetailViewController.swift */; };
		FD2594CD24D1F8C6002A51D4 /* constants.swift in Sources */ = {isa = PBXBuildFile; fileRef = FD2594CC24D1F8C6002A51D4 /* constants.swift */; };
		FD5EA2FE24C7471900AC4928 /* NotesViewController.swift in Sources */ = {isa = PBXBuildFile; fileRef = FD5EA2FD24C7471900AC4928 /* NotesViewController.swift */; };
		FDF7B44124BF724300C97A0D /* NoteViewController.swift in Sources */ = {isa = PBXBuildFile; fileRef = FDF7B44024BF724300C97A0D /* NoteViewController.swift */; };
/* End PBXBuildFile section */

/* Begin PBXContainerItemProxy section */
		560D1F9924BE1D5100419424 /* PBXContainerItemProxy */ = {
			isa = PBXContainerItemProxy;
			containerPortal = 560D1F7A24BE1D5000419424 /* Project object */;
			proxyType = 1;
			remoteGlobalIDString = 560D1F8124BE1D5000419424;
			remoteInfo = Project;
		};
		560D1FA424BE1D5100419424 /* PBXContainerItemProxy */ = {
			isa = PBXContainerItemProxy;
			containerPortal = 560D1F7A24BE1D5000419424 /* Project object */;
			proxyType = 1;
			remoteGlobalIDString = 560D1F8124BE1D5000419424;
			remoteInfo = Project;
		};
/* End PBXContainerItemProxy section */

/* Begin PBXFileReference section */
		0AF1650FF44E71B05CD40676 /* Pods-ProjectTests.release.xcconfig */ = {isa = PBXFileReference; includeInIndex = 1; lastKnownFileType = text.xcconfig; name = "Pods-ProjectTests.release.xcconfig"; path = "Target Support Files/Pods-ProjectTests/Pods-ProjectTests.release.xcconfig"; sourceTree = "<group>"; };
		1147D580A6A6A86F961D14D8 /* Pods_Project_ProjectUITests.framework */ = {isa = PBXFileReference; explicitFileType = wrapper.framework; includeInIndex = 0; path = Pods_Project_ProjectUITests.framework; sourceTree = BUILT_PRODUCTS_DIR; };
		2DFE464E2F2DBAA580A615B6 /* Pods_ProjectTests.framework */ = {isa = PBXFileReference; explicitFileType = wrapper.framework; includeInIndex = 0; path = Pods_ProjectTests.framework; sourceTree = BUILT_PRODUCTS_DIR; };
		4923497524BFC6820089C91F /* HomepageViewController.swift */ = {isa = PBXFileReference; lastKnownFileType = sourcecode.swift; path = HomepageViewController.swift; sourceTree = SOURCE_ROOT; };
		49A96AA124D2DAF800A37526 /* HomeViewController.swift */ = {isa = PBXFileReference; lastKnownFileType = sourcecode.swift; path = HomeViewController.swift; sourceTree = "<group>"; };
		49A96AA324D2E51B00A37526 /* LocationViewController.swift */ = {isa = PBXFileReference; lastKnownFileType = sourcecode.swift; path = LocationViewController.swift; sourceTree = "<group>"; };
		49A96AA724D3A45700A37526 /* settingsImage2.jpg */ = {isa = PBXFileReference; lastKnownFileType = image.jpeg; name = settingsImage2.jpg; path = ../../../settingsImage2.jpg; sourceTree = "<group>"; };
		49A96AA924D3A58B00A37526 /* SettingsViewController.swift */ = {isa = PBXFileReference; lastKnownFileType = sourcecode.swift; path = SettingsViewController.swift; sourceTree = "<group>"; };
		49A9824A24C78E1800BEE6B2 /* future.jpg */ = {isa = PBXFileReference; lastKnownFileType = image.jpeg; name = future.jpg; path = ../../Downloads/future.jpg; sourceTree = "<group>"; };
		49D9F23F24CA142200D3420F /* future.jpg */ = {isa = PBXFileReference; lastKnownFileType = image.jpeg; path = future.jpg; sourceTree = "<group>"; };
		560D1F8224BE1D5000419424 /* Project.app */ = {isa = PBXFileReference; explicitFileType = wrapper.application; includeInIndex = 0; path = Project.app; sourceTree = BUILT_PRODUCTS_DIR; };
		560D1F8524BE1D5000419424 /* AppDelegate.swift */ = {isa = PBXFileReference; lastKnownFileType = sourcecode.swift; path = AppDelegate.swift; sourceTree = "<group>"; };
		560D1F8724BE1D5000419424 /* SceneDelegate.swift */ = {isa = PBXFileReference; lastKnownFileType = sourcecode.swift; path = SceneDelegate.swift; sourceTree = "<group>"; };
		560D1F8924BE1D5000419424 /* ViewController.swift */ = {isa = PBXFileReference; lastKnownFileType = sourcecode.swift; path = ViewController.swift; sourceTree = "<group>"; };
		560D1F8C24BE1D5000419424 /* Base */ = {isa = PBXFileReference; lastKnownFileType = file.storyboard; name = Base; path = Base.lproj/Main.storyboard; sourceTree = "<group>"; };
		560D1F8E24BE1D5100419424 /* Assets.xcassets */ = {isa = PBXFileReference; lastKnownFileType = folder.assetcatalog; path = Assets.xcassets; sourceTree = "<group>"; };
		560D1F9124BE1D5100419424 /* Base */ = {isa = PBXFileReference; lastKnownFileType = file.storyboard; name = Base; path = Base.lproj/LaunchScreen.storyboard; sourceTree = "<group>"; };
		560D1F9324BE1D5100419424 /* Info.plist */ = {isa = PBXFileReference; lastKnownFileType = text.plist.xml; path = Info.plist; sourceTree = "<group>"; };
		560D1F9824BE1D5100419424 /* ProjectTests.xctest */ = {isa = PBXFileReference; explicitFileType = wrapper.cfbundle; includeInIndex = 0; path = ProjectTests.xctest; sourceTree = BUILT_PRODUCTS_DIR; };
		560D1F9C24BE1D5100419424 /* ProjectTests.swift */ = {isa = PBXFileReference; lastKnownFileType = sourcecode.swift; path = ProjectTests.swift; sourceTree = "<group>"; };
		560D1F9E24BE1D5100419424 /* Info.plist */ = {isa = PBXFileReference; lastKnownFileType = text.plist.xml; path = Info.plist; sourceTree = "<group>"; };
		560D1FA324BE1D5100419424 /* ProjectUITests.xctest */ = {isa = PBXFileReference; explicitFileType = wrapper.cfbundle; includeInIndex = 0; path = ProjectUITests.xctest; sourceTree = BUILT_PRODUCTS_DIR; };
		560D1FA724BE1D5100419424 /* ProjectUITests.swift */ = {isa = PBXFileReference; lastKnownFileType = sourcecode.swift; path = ProjectUITests.swift; sourceTree = "<group>"; };
		560D1FA924BE1D5100419424 /* Info.plist */ = {isa = PBXFileReference; lastKnownFileType = text.plist.xml; path = Info.plist; sourceTree = "<group>"; };
		560D1FB924BE20CF00419424 /* LoginViewController.swift */ = {isa = PBXFileReference; lastKnownFileType = sourcecode.swift; path = LoginViewController.swift; sourceTree = "<group>"; };
		56755FBA24CA0AA400FDC628 /* GoogleService-Info.plist */ = {isa = PBXFileReference; fileEncoding = 4; lastKnownFileType = text.plist.xml; path = "GoogleService-Info.plist"; sourceTree = "<group>"; };
		56755FBC24CA12EF00FDC628 /* RegisterViewController.swift */ = {isa = PBXFileReference; lastKnownFileType = sourcecode.swift; path = RegisterViewController.swift; sourceTree = "<group>"; };
		69BDFDE8A0B6790A2D1A4B19 /* Pods-Project.release.xcconfig */ = {isa = PBXFileReference; includeInIndex = 1; lastKnownFileType = text.xcconfig; name = "Pods-Project.release.xcconfig"; path = "Target Support Files/Pods-Project/Pods-Project.release.xcconfig"; sourceTree = "<group>"; };
		742BF2F2EB797A21E6243A48 /* Pods-ProjectTests.debug.xcconfig */ = {isa = PBXFileReference; includeInIndex = 1; lastKnownFileType = text.xcconfig; name = "Pods-ProjectTests.debug.xcconfig"; path = "Target Support Files/Pods-ProjectTests/Pods-ProjectTests.debug.xcconfig"; sourceTree = "<group>"; };
		851C817258DAA6C122B0C89A /* Pods_Project.framework */ = {isa = PBXFileReference; explicitFileType = wrapper.framework; includeInIndex = 0; path = Pods_Project.framework; sourceTree = BUILT_PRODUCTS_DIR; };
		9471E36B82DA9916BECEA989 /* Pods-Project-ProjectUITests.debug.xcconfig */ = {isa = PBXFileReference; includeInIndex = 1; lastKnownFileType = text.xcconfig; name = "Pods-Project-ProjectUITests.debug.xcconfig"; path = "Target Support Files/Pods-Project-ProjectUITests/Pods-Project-ProjectUITests.debug.xcconfig"; sourceTree = "<group>"; };
		A99D2276FDF4954632DEF15F /* Pods-Project-ProjectUITests.release.xcconfig */ = {isa = PBXFileReference; includeInIndex = 1; lastKnownFileType = text.xcconfig; name = "Pods-Project-ProjectUITests.release.xcconfig"; path = "Target Support Files/Pods-Project-ProjectUITests/Pods-Project-ProjectUITests.release.xcconfig"; sourceTree = "<group>"; };
		C76DCE6689AE594B6DC0C8D9 /* Pods-Project.debug.xcconfig */ = {isa = PBXFileReference; includeInIndex = 1; lastKnownFileType = text.xcconfig; name = "Pods-Project.debug.xcconfig"; path = "Target Support Files/Pods-Project/Pods-Project.debug.xcconfig"; sourceTree = "<group>"; };
		FD2594CA24D1F7CA002A51D4 /* NoteDetailViewController.swift */ = {isa = PBXFileReference; lastKnownFileType = sourcecode.swift; path = NoteDetailViewController.swift; sourceTree = "<group>"; };
		FD2594CC24D1F8C6002A51D4 /* constants.swift */ = {isa = PBXFileReference; lastKnownFileType = sourcecode.swift; path = constants.swift; sourceTree = "<group>"; };
		FD5EA2FD24C7471900AC4928 /* NotesViewController.swift */ = {isa = PBXFileReference; lastKnownFileType = sourcecode.swift; path = NotesViewController.swift; sourceTree = "<group>"; };
		FDF7B44024BF724300C97A0D /* NoteViewController.swift */ = {isa = PBXFileReference; fileEncoding = 4; lastKnownFileType = sourcecode.swift; path = NoteViewController.swift; sourceTree = "<group>"; };
/* End PBXFileReference section */

/* Begin PBXFrameworksBuildPhase section */
		560D1F7F24BE1D5000419424 /* Frameworks */ = {
			isa = PBXFrameworksBuildPhase;
			buildActionMask = 2147483647;
			files = (
				A0A141879DE6F19584370AFF /* Pods_Project.framework in Frameworks */,
			);
			runOnlyForDeploymentPostprocessing = 0;
		};
		560D1F9524BE1D5100419424 /* Frameworks */ = {
			isa = PBXFrameworksBuildPhase;
			buildActionMask = 2147483647;
			files = (
				312D0349D5E15BF133EA2F97 /* Pods_ProjectTests.framework in Frameworks */,
			);
			runOnlyForDeploymentPostprocessing = 0;
		};
		560D1FA024BE1D5100419424 /* Frameworks */ = {
			isa = PBXFrameworksBuildPhase;
			buildActionMask = 2147483647;
			files = (
				F7A030C810672542EA7AB280 /* Pods_Project_ProjectUITests.framework in Frameworks */,
			);
			runOnlyForDeploymentPostprocessing = 0;
		};
/* End PBXFrameworksBuildPhase section */

/* Begin PBXGroup section */
		34FDFEE03DC233A4C93D8594 /* Pods */ = {
			isa = PBXGroup;
			children = (
				C76DCE6689AE594B6DC0C8D9 /* Pods-Project.debug.xcconfig */,
				69BDFDE8A0B6790A2D1A4B19 /* Pods-Project.release.xcconfig */,
				9471E36B82DA9916BECEA989 /* Pods-Project-ProjectUITests.debug.xcconfig */,
				A99D2276FDF4954632DEF15F /* Pods-Project-ProjectUITests.release.xcconfig */,
				742BF2F2EB797A21E6243A48 /* Pods-ProjectTests.debug.xcconfig */,
				0AF1650FF44E71B05CD40676 /* Pods-ProjectTests.release.xcconfig */,
			);
			path = Pods;
			sourceTree = "<group>";
		};
		560D1F7924BE1D5000419424 = {
			isa = PBXGroup;
			children = (
				560D1F8424BE1D5000419424 /* Project */,
				560D1F9B24BE1D5100419424 /* ProjectTests */,
				560D1FA624BE1D5100419424 /* ProjectUITests */,
				560D1F8324BE1D5000419424 /* Products */,
				49A9824A24C78E1800BEE6B2 /* future.jpg */,
				34FDFEE03DC233A4C93D8594 /* Pods */,
				9D0392512FA73314678F4D93 /* Frameworks */,
			);
			sourceTree = "<group>";
		};
		560D1F8324BE1D5000419424 /* Products */ = {
			isa = PBXGroup;
			children = (
				560D1F8224BE1D5000419424 /* Project.app */,
				560D1F9824BE1D5100419424 /* ProjectTests.xctest */,
				560D1FA324BE1D5100419424 /* ProjectUITests.xctest */,
			);
			name = Products;
			sourceTree = "<group>";
		};
		560D1F8424BE1D5000419424 /* Project */ = {
			isa = PBXGroup;
			children = (
				56755FBA24CA0AA400FDC628 /* GoogleService-Info.plist */,
				560D1FB824BE1FAB00419424 /* mike */,
				560D1FB724BE1FA200419424 /* elias */,
				560D1FB624BE1F6100419424 /* brandon */,
				560D1F8524BE1D5000419424 /* AppDelegate.swift */,
				560D1F8724BE1D5000419424 /* SceneDelegate.swift */,
				560D1F8924BE1D5000419424 /* ViewController.swift */,
				FD5EA2FD24C7471900AC4928 /* NotesViewController.swift */,
				FD2594CA24D1F7CA002A51D4 /* NoteDetailViewController.swift */,
				560D1F8B24BE1D5000419424 /* Main.storyboard */,
				560D1F8E24BE1D5100419424 /* Assets.xcassets */,
				560D1F9024BE1D5100419424 /* LaunchScreen.storyboard */,
				560D1F9324BE1D5100419424 /* Info.plist */,
				FD2594CC24D1F8C6002A51D4 /* constants.swift */,
			);
			path = Project;
			sourceTree = "<group>";
		};
		560D1F9B24BE1D5100419424 /* ProjectTests */ = {
			isa = PBXGroup;
			children = (
				560D1F9C24BE1D5100419424 /* ProjectTests.swift */,
				560D1F9E24BE1D5100419424 /* Info.plist */,
			);
			path = ProjectTests;
			sourceTree = "<group>";
		};
		560D1FA624BE1D5100419424 /* ProjectUITests */ = {
			isa = PBXGroup;
			children = (
				560D1FA724BE1D5100419424 /* ProjectUITests.swift */,
				560D1FA924BE1D5100419424 /* Info.plist */,
			);
			path = ProjectUITests;
			sourceTree = "<group>";
		};
		560D1FB624BE1F6100419424 /* brandon */ = {
			isa = PBXGroup;
			children = (
				56755FBC24CA12EF00FDC628 /* RegisterViewController.swift */,
				560D1FB924BE20CF00419424 /* LoginViewController.swift */,
			);
			path = brandon;
			sourceTree = "<group>";
		};
		560D1FB724BE1FA200419424 /* elias */ = {
			isa = PBXGroup;
			children = (
				4923497524BFC6820089C91F /* HomepageViewController.swift */,
				49D9F23F24CA142200D3420F /* future.jpg */,
				49A96AA724D3A45700A37526 /* settingsImage2.jpg */,
				49A96AA124D2DAF800A37526 /* HomeViewController.swift */,
				49A96AA324D2E51B00A37526 /* LocationViewController.swift */,
				49A96AA924D3A58B00A37526 /* SettingsViewController.swift */,
			);
			path = elias;
			sourceTree = "<group>";
		};
		560D1FB824BE1FAB00419424 /* mike */ = {
			isa = PBXGroup;
			children = (
				FDF7B44024BF724300C97A0D /* NoteViewController.swift */,
			);
			path = mike;
			sourceTree = "<group>";
		};
		9D0392512FA73314678F4D93 /* Frameworks */ = {
			isa = PBXGroup;
			children = (
				851C817258DAA6C122B0C89A /* Pods_Project.framework */,
				1147D580A6A6A86F961D14D8 /* Pods_Project_ProjectUITests.framework */,
				2DFE464E2F2DBAA580A615B6 /* Pods_ProjectTests.framework */,
			);
			name = Frameworks;
			sourceTree = "<group>";
		};
/* End PBXGroup section */

/* Begin PBXNativeTarget section */
		560D1F8124BE1D5000419424 /* Project */ = {
			isa = PBXNativeTarget;
			buildConfigurationList = 560D1FAC24BE1D5100419424 /* Build configuration list for PBXNativeTarget "Project" */;
			buildPhases = (
				728E131E5D14E85550CBFF5A /* [CP] Check Pods Manifest.lock */,
				560D1F7E24BE1D5000419424 /* Sources */,
				560D1F7F24BE1D5000419424 /* Frameworks */,
				560D1F8024BE1D5000419424 /* Resources */,
				C8FC39E42A6ED6829263595D /* [CP] Embed Pods Frameworks */,
			);
			buildRules = (
			);
			dependencies = (
			);
			name = Project;
			productName = Project;
			productReference = 560D1F8224BE1D5000419424 /* Project.app */;
			productType = "com.apple.product-type.application";
		};
		560D1F9724BE1D5100419424 /* ProjectTests */ = {
			isa = PBXNativeTarget;
			buildConfigurationList = 560D1FAF24BE1D5100419424 /* Build configuration list for PBXNativeTarget "ProjectTests" */;
			buildPhases = (
				FEDD99BEC58B54B0B83895AF /* [CP] Check Pods Manifest.lock */,
				560D1F9424BE1D5100419424 /* Sources */,
				560D1F9524BE1D5100419424 /* Frameworks */,
				560D1F9624BE1D5100419424 /* Resources */,
			);
			buildRules = (
			);
			dependencies = (
				560D1F9A24BE1D5100419424 /* PBXTargetDependency */,
			);
			name = ProjectTests;
			productName = ProjectTests;
			productReference = 560D1F9824BE1D5100419424 /* ProjectTests.xctest */;
			productType = "com.apple.product-type.bundle.unit-test";
		};
		560D1FA224BE1D5100419424 /* ProjectUITests */ = {
			isa = PBXNativeTarget;
			buildConfigurationList = 560D1FB224BE1D5100419424 /* Build configuration list for PBXNativeTarget "ProjectUITests" */;
			buildPhases = (
				A4BF57285EB75C3B6E1D0B28 /* [CP] Check Pods Manifest.lock */,
				560D1F9F24BE1D5100419424 /* Sources */,
				560D1FA024BE1D5100419424 /* Frameworks */,
				560D1FA124BE1D5100419424 /* Resources */,
				119CD56D17BFA6C8811B88B6 /* [CP] Embed Pods Frameworks */,
			);
			buildRules = (
			);
			dependencies = (
				560D1FA524BE1D5100419424 /* PBXTargetDependency */,
			);
			name = ProjectUITests;
			productName = ProjectUITests;
			productReference = 560D1FA324BE1D5100419424 /* ProjectUITests.xctest */;
			productType = "com.apple.product-type.bundle.ui-testing";
		};
/* End PBXNativeTarget section */

/* Begin PBXProject section */
		560D1F7A24BE1D5000419424 /* Project object */ = {
			isa = PBXProject;
			attributes = {
				LastSwiftUpdateCheck = 1130;
				LastUpgradeCheck = 1130;
				ORGANIZATIONNAME = "Brandon Gallagher";
				TargetAttributes = {
					560D1F8124BE1D5000419424 = {
						CreatedOnToolsVersion = 11.3.1;
					};
					560D1F9724BE1D5100419424 = {
						CreatedOnToolsVersion = 11.3.1;
						TestTargetID = 560D1F8124BE1D5000419424;
					};
					560D1FA224BE1D5100419424 = {
						CreatedOnToolsVersion = 11.3.1;
						TestTargetID = 560D1F8124BE1D5000419424;
					};
				};
			};
			buildConfigurationList = 560D1F7D24BE1D5000419424 /* Build configuration list for PBXProject "Project" */;
			compatibilityVersion = "Xcode 9.3";
			developmentRegion = en;
			hasScannedForEncodings = 0;
			knownRegions = (
				en,
				Base,
			);
			mainGroup = 560D1F7924BE1D5000419424;
			productRefGroup = 560D1F8324BE1D5000419424 /* Products */;
			projectDirPath = "";
			projectRoot = "";
			targets = (
				560D1F8124BE1D5000419424 /* Project */,
				560D1F9724BE1D5100419424 /* ProjectTests */,
				560D1FA224BE1D5100419424 /* ProjectUITests */,
			);
		};
/* End PBXProject section */

/* Begin PBXResourcesBuildPhase section */
		560D1F8024BE1D5000419424 /* Resources */ = {
			isa = PBXResourcesBuildPhase;
			buildActionMask = 2147483647;
			files = (
				49D9F24024CA142200D3420F /* future.jpg in Resources */,
				49A9824B24C78E1800BEE6B2 /* future.jpg in Resources */,
				560D1F9224BE1D5100419424 /* LaunchScreen.storyboard in Resources */,
				56755FBB24CA0AA400FDC628 /* GoogleService-Info.plist in Resources */,
				49A96AA824D3A45700A37526 /* settingsImage2.jpg in Resources */,
				560D1F8F24BE1D5100419424 /* Assets.xcassets in Resources */,
				560D1F8D24BE1D5000419424 /* Main.storyboard in Resources */,
			);
			runOnlyForDeploymentPostprocessing = 0;
		};
		560D1F9624BE1D5100419424 /* Resources */ = {
			isa = PBXResourcesBuildPhase;
			buildActionMask = 2147483647;
			files = (
			);
			runOnlyForDeploymentPostprocessing = 0;
		};
		560D1FA124BE1D5100419424 /* Resources */ = {
			isa = PBXResourcesBuildPhase;
			buildActionMask = 2147483647;
			files = (
			);
			runOnlyForDeploymentPostprocessing = 0;
		};
/* End PBXResourcesBuildPhase section */

/* Begin PBXShellScriptBuildPhase section */
		119CD56D17BFA6C8811B88B6 /* [CP] Embed Pods Frameworks */ = {
			isa = PBXShellScriptBuildPhase;
			buildActionMask = 2147483647;
			files = (
			);
			inputFileListPaths = (
				"${PODS_ROOT}/Target Support Files/Pods-Project-ProjectUITests/Pods-Project-ProjectUITests-frameworks-${CONFIGURATION}-input-files.xcfilelist",
			);
			name = "[CP] Embed Pods Frameworks";
			outputFileListPaths = (
				"${PODS_ROOT}/Target Support Files/Pods-Project-ProjectUITests/Pods-Project-ProjectUITests-frameworks-${CONFIGURATION}-output-files.xcfilelist",
			);
			runOnlyForDeploymentPostprocessing = 0;
			shellPath = /bin/sh;
			shellScript = "\"${PODS_ROOT}/Target Support Files/Pods-Project-ProjectUITests/Pods-Project-ProjectUITests-frameworks.sh\"\n";
			showEnvVarsInLog = 0;
		};
		728E131E5D14E85550CBFF5A /* [CP] Check Pods Manifest.lock */ = {
			isa = PBXShellScriptBuildPhase;
			buildActionMask = 2147483647;
			files = (
			);
			inputFileListPaths = (
			);
			inputPaths = (
				"${PODS_PODFILE_DIR_PATH}/Podfile.lock",
				"${PODS_ROOT}/Manifest.lock",
			);
			name = "[CP] Check Pods Manifest.lock";
			outputFileListPaths = (
			);
			outputPaths = (
				"$(DERIVED_FILE_DIR)/Pods-Project-checkManifestLockResult.txt",
			);
			runOnlyForDeploymentPostprocessing = 0;
			shellPath = /bin/sh;
			shellScript = "diff \"${PODS_PODFILE_DIR_PATH}/Podfile.lock\" \"${PODS_ROOT}/Manifest.lock\" > /dev/null\nif [ $? != 0 ] ; then\n    # print error to STDERR\n    echo \"error: The sandbox is not in sync with the Podfile.lock. Run 'pod install' or update your CocoaPods installation.\" >&2\n    exit 1\nfi\n# This output is used by Xcode 'outputs' to avoid re-running this script phase.\necho \"SUCCESS\" > \"${SCRIPT_OUTPUT_FILE_0}\"\n";
			showEnvVarsInLog = 0;
		};
		A4BF57285EB75C3B6E1D0B28 /* [CP] Check Pods Manifest.lock */ = {
			isa = PBXShellScriptBuildPhase;
			buildActionMask = 2147483647;
			files = (
			);
			inputFileListPaths = (
			);
			inputPaths = (
				"${PODS_PODFILE_DIR_PATH}/Podfile.lock",
				"${PODS_ROOT}/Manifest.lock",
			);
			name = "[CP] Check Pods Manifest.lock";
			outputFileListPaths = (
			);
			outputPaths = (
				"$(DERIVED_FILE_DIR)/Pods-Project-ProjectUITests-checkManifestLockResult.txt",
			);
			runOnlyForDeploymentPostprocessing = 0;
			shellPath = /bin/sh;
			shellScript = "diff \"${PODS_PODFILE_DIR_PATH}/Podfile.lock\" \"${PODS_ROOT}/Manifest.lock\" > /dev/null\nif [ $? != 0 ] ; then\n    # print error to STDERR\n    echo \"error: The sandbox is not in sync with the Podfile.lock. Run 'pod install' or update your CocoaPods installation.\" >&2\n    exit 1\nfi\n# This output is used by Xcode 'outputs' to avoid re-running this script phase.\necho \"SUCCESS\" > \"${SCRIPT_OUTPUT_FILE_0}\"\n";
			showEnvVarsInLog = 0;
		};
		C8FC39E42A6ED6829263595D /* [CP] Embed Pods Frameworks */ = {
			isa = PBXShellScriptBuildPhase;
			buildActionMask = 2147483647;
			files = (
			);
			inputFileListPaths = (
				"${PODS_ROOT}/Target Support Files/Pods-Project/Pods-Project-frameworks-${CONFIGURATION}-input-files.xcfilelist",
			);
			name = "[CP] Embed Pods Frameworks";
			outputFileListPaths = (
				"${PODS_ROOT}/Target Support Files/Pods-Project/Pods-Project-frameworks-${CONFIGURATION}-output-files.xcfilelist",
			);
			runOnlyForDeploymentPostprocessing = 0;
			shellPath = /bin/sh;
			shellScript = "\"${PODS_ROOT}/Target Support Files/Pods-Project/Pods-Project-frameworks.sh\"\n";
			showEnvVarsInLog = 0;
		};
		FEDD99BEC58B54B0B83895AF /* [CP] Check Pods Manifest.lock */ = {
			isa = PBXShellScriptBuildPhase;
			buildActionMask = 2147483647;
			files = (
			);
			inputFileListPaths = (
			);
			inputPaths = (
				"${PODS_PODFILE_DIR_PATH}/Podfile.lock",
				"${PODS_ROOT}/Manifest.lock",
			);
			name = "[CP] Check Pods Manifest.lock";
			outputFileListPaths = (
			);
			outputPaths = (
				"$(DERIVED_FILE_DIR)/Pods-ProjectTests-checkManifestLockResult.txt",
			);
			runOnlyForDeploymentPostprocessing = 0;
			shellPath = /bin/sh;
			shellScript = "diff \"${PODS_PODFILE_DIR_PATH}/Podfile.lock\" \"${PODS_ROOT}/Manifest.lock\" > /dev/null\nif [ $? != 0 ] ; then\n    # print error to STDERR\n    echo \"error: The sandbox is not in sync with the Podfile.lock. Run 'pod install' or update your CocoaPods installation.\" >&2\n    exit 1\nfi\n# This output is used by Xcode 'outputs' to avoid re-running this script phase.\necho \"SUCCESS\" > \"${SCRIPT_OUTPUT_FILE_0}\"\n";
			showEnvVarsInLog = 0;
		};
/* End PBXShellScriptBuildPhase section */

/* Begin PBXSourcesBuildPhase section */
		560D1F7E24BE1D5000419424 /* Sources */ = {
			isa = PBXSourcesBuildPhase;
			buildActionMask = 2147483647;
			files = (
				560D1FBA24BE20CF00419424 /* LoginViewController.swift in Sources */,
				560D1F8A24BE1D5000419424 /* ViewController.swift in Sources */,
				FD2594CB24D1F7CA002A51D4 /* NoteDetailViewController.swift in Sources */,
				49A96AA424D2E51B00A37526 /* LocationViewController.swift in Sources */,
				FD2594CD24D1F8C6002A51D4 /* constants.swift in Sources */,
				4923497624BFC6820089C91F /* HomepageViewController.swift in Sources */,
				56755FBD24CA12EF00FDC628 /* RegisterViewController.swift in Sources */,
				FD5EA2FE24C7471900AC4928 /* NotesViewController.swift in Sources */,
				49A96AA224D2DAF800A37526 /* HomeViewController.swift in Sources */,
				560D1F8624BE1D5000419424 /* AppDelegate.swift in Sources */,
				49A96AAA24D3A58B00A37526 /* SettingsViewController.swift in Sources */,
				FDF7B44124BF724300C97A0D /* NoteViewController.swift in Sources */,
				560D1F8824BE1D5000419424 /* SceneDelegate.swift in Sources */,
			);
			runOnlyForDeploymentPostprocessing = 0;
		};
		560D1F9424BE1D5100419424 /* Sources */ = {
			isa = PBXSourcesBuildPhase;
			buildActionMask = 2147483647;
			files = (
				560D1F9D24BE1D5100419424 /* ProjectTests.swift in Sources */,
			);
			runOnlyForDeploymentPostprocessing = 0;
		};
		560D1F9F24BE1D5100419424 /* Sources */ = {
			isa = PBXSourcesBuildPhase;
			buildActionMask = 2147483647;
			files = (
				560D1FA824BE1D5100419424 /* ProjectUITests.swift in Sources */,
			);
			runOnlyForDeploymentPostprocessing = 0;
		};
/* End PBXSourcesBuildPhase section */

/* Begin PBXTargetDependency section */
		560D1F9A24BE1D5100419424 /* PBXTargetDependency */ = {
			isa = PBXTargetDependency;
			target = 560D1F8124BE1D5000419424 /* Project */;
			targetProxy = 560D1F9924BE1D5100419424 /* PBXContainerItemProxy */;
		};
		560D1FA524BE1D5100419424 /* PBXTargetDependency */ = {
			isa = PBXTargetDependency;
			target = 560D1F8124BE1D5000419424 /* Project */;
			targetProxy = 560D1FA424BE1D5100419424 /* PBXContainerItemProxy */;
		};
/* End PBXTargetDependency section */

/* Begin PBXVariantGroup section */
		560D1F8B24BE1D5000419424 /* Main.storyboard */ = {
			isa = PBXVariantGroup;
			children = (
				560D1F8C24BE1D5000419424 /* Base */,
			);
			name = Main.storyboard;
			sourceTree = "<group>";
		};
		560D1F9024BE1D5100419424 /* LaunchScreen.storyboard */ = {
			isa = PBXVariantGroup;
			children = (
				560D1F9124BE1D5100419424 /* Base */,
			);
			name = LaunchScreen.storyboard;
			sourceTree = "<group>";
		};
/* End PBXVariantGroup section */

/* Begin XCBuildConfiguration section */
		560D1FAA24BE1D5100419424 /* Debug */ = {
			isa = XCBuildConfiguration;
			buildSettings = {
				ALWAYS_SEARCH_USER_PATHS = NO;
				CLANG_ANALYZER_NONNULL = YES;
				CLANG_ANALYZER_NUMBER_OBJECT_CONVERSION = YES_AGGRESSIVE;
				CLANG_CXX_LANGUAGE_STANDARD = "gnu++14";
				CLANG_CXX_LIBRARY = "libc++";
				CLANG_ENABLE_MODULES = YES;
				CLANG_ENABLE_OBJC_ARC = YES;
				CLANG_ENABLE_OBJC_WEAK = YES;
				CLANG_WARN_BLOCK_CAPTURE_AUTORELEASING = YES;
				CLANG_WARN_BOOL_CONVERSION = YES;
				CLANG_WARN_COMMA = YES;
				CLANG_WARN_CONSTANT_CONVERSION = YES;
				CLANG_WARN_DEPRECATED_OBJC_IMPLEMENTATIONS = YES;
				CLANG_WARN_DIRECT_OBJC_ISA_USAGE = YES_ERROR;
				CLANG_WARN_DOCUMENTATION_COMMENTS = YES;
				CLANG_WARN_EMPTY_BODY = YES;
				CLANG_WARN_ENUM_CONVERSION = YES;
				CLANG_WARN_INFINITE_RECURSION = YES;
				CLANG_WARN_INT_CONVERSION = YES;
				CLANG_WARN_NON_LITERAL_NULL_CONVERSION = YES;
				CLANG_WARN_OBJC_IMPLICIT_RETAIN_SELF = YES;
				CLANG_WARN_OBJC_LITERAL_CONVERSION = YES;
				CLANG_WARN_OBJC_ROOT_CLASS = YES_ERROR;
				CLANG_WARN_RANGE_LOOP_ANALYSIS = YES;
				CLANG_WARN_STRICT_PROTOTYPES = YES;
				CLANG_WARN_SUSPICIOUS_MOVE = YES;
				CLANG_WARN_UNGUARDED_AVAILABILITY = YES_AGGRESSIVE;
				CLANG_WARN_UNREACHABLE_CODE = YES;
				CLANG_WARN__DUPLICATE_METHOD_MATCH = YES;
				COPY_PHASE_STRIP = NO;
				DEBUG_INFORMATION_FORMAT = dwarf;
				ENABLE_STRICT_OBJC_MSGSEND = YES;
				ENABLE_TESTABILITY = YES;
				GCC_C_LANGUAGE_STANDARD = gnu11;
				GCC_DYNAMIC_NO_PIC = NO;
				GCC_NO_COMMON_BLOCKS = YES;
				GCC_OPTIMIZATION_LEVEL = 0;
				GCC_PREPROCESSOR_DEFINITIONS = (
					"DEBUG=1",
					"$(inherited)",
				);
				GCC_WARN_64_TO_32_BIT_CONVERSION = YES;
				GCC_WARN_ABOUT_RETURN_TYPE = YES_ERROR;
				GCC_WARN_UNDECLARED_SELECTOR = YES;
				GCC_WARN_UNINITIALIZED_AUTOS = YES_AGGRESSIVE;
				GCC_WARN_UNUSED_FUNCTION = YES;
				GCC_WARN_UNUSED_VARIABLE = YES;
				IPHONEOS_DEPLOYMENT_TARGET = 13.2;
				MTL_ENABLE_DEBUG_INFO = INCLUDE_SOURCE;
				MTL_FAST_MATH = YES;
				ONLY_ACTIVE_ARCH = YES;
				SDKROOT = iphoneos;
				SWIFT_ACTIVE_COMPILATION_CONDITIONS = DEBUG;
				SWIFT_OPTIMIZATION_LEVEL = "-Onone";
			};
			name = Debug;
		};
		560D1FAB24BE1D5100419424 /* Release */ = {
			isa = XCBuildConfiguration;
			buildSettings = {
				ALWAYS_SEARCH_USER_PATHS = NO;
				CLANG_ANALYZER_NONNULL = YES;
				CLANG_ANALYZER_NUMBER_OBJECT_CONVERSION = YES_AGGRESSIVE;
				CLANG_CXX_LANGUAGE_STANDARD = "gnu++14";
				CLANG_CXX_LIBRARY = "libc++";
				CLANG_ENABLE_MODULES = YES;
				CLANG_ENABLE_OBJC_ARC = YES;
				CLANG_ENABLE_OBJC_WEAK = YES;
				CLANG_WARN_BLOCK_CAPTURE_AUTORELEASING = YES;
				CLANG_WARN_BOOL_CONVERSION = YES;
				CLANG_WARN_COMMA = YES;
				CLANG_WARN_CONSTANT_CONVERSION = YES;
				CLANG_WARN_DEPRECATED_OBJC_IMPLEMENTATIONS = YES;
				CLANG_WARN_DIRECT_OBJC_ISA_USAGE = YES_ERROR;
				CLANG_WARN_DOCUMENTATION_COMMENTS = YES;
				CLANG_WARN_EMPTY_BODY = YES;
				CLANG_WARN_ENUM_CONVERSION = YES;
				CLANG_WARN_INFINITE_RECURSION = YES;
				CLANG_WARN_INT_CONVERSION = YES;
				CLANG_WARN_NON_LITERAL_NULL_CONVERSION = YES;
				CLANG_WARN_OBJC_IMPLICIT_RETAIN_SELF = YES;
				CLANG_WARN_OBJC_LITERAL_CONVERSION = YES;
				CLANG_WARN_OBJC_ROOT_CLASS = YES_ERROR;
				CLANG_WARN_RANGE_LOOP_ANALYSIS = YES;
				CLANG_WARN_STRICT_PROTOTYPES = YES;
				CLANG_WARN_SUSPICIOUS_MOVE = YES;
				CLANG_WARN_UNGUARDED_AVAILABILITY = YES_AGGRESSIVE;
				CLANG_WARN_UNREACHABLE_CODE = YES;
				CLANG_WARN__DUPLICATE_METHOD_MATCH = YES;
				COPY_PHASE_STRIP = NO;
				DEBUG_INFORMATION_FORMAT = "dwarf-with-dsym";
				ENABLE_NS_ASSERTIONS = NO;
				ENABLE_STRICT_OBJC_MSGSEND = YES;
				GCC_C_LANGUAGE_STANDARD = gnu11;
				GCC_NO_COMMON_BLOCKS = YES;
				GCC_WARN_64_TO_32_BIT_CONVERSION = YES;
				GCC_WARN_ABOUT_RETURN_TYPE = YES_ERROR;
				GCC_WARN_UNDECLARED_SELECTOR = YES;
				GCC_WARN_UNINITIALIZED_AUTOS = YES_AGGRESSIVE;
				GCC_WARN_UNUSED_FUNCTION = YES;
				GCC_WARN_UNUSED_VARIABLE = YES;
				IPHONEOS_DEPLOYMENT_TARGET = 13.2;
				MTL_ENABLE_DEBUG_INFO = NO;
				MTL_FAST_MATH = YES;
				SDKROOT = iphoneos;
				SWIFT_COMPILATION_MODE = wholemodule;
				SWIFT_OPTIMIZATION_LEVEL = "-O";
				VALIDATE_PRODUCT = YES;
			};
			name = Release;
		};
		560D1FAD24BE1D5100419424 /* Debug */ = {
			isa = XCBuildConfiguration;
			baseConfigurationReference = C76DCE6689AE594B6DC0C8D9 /* Pods-Project.debug.xcconfig */;
			buildSettings = {
				ASSETCATALOG_COMPILER_APPICON_NAME = AppIcon;
				CODE_SIGN_STYLE = Automatic;
				INFOPLIST_FILE = Project/Info.plist;
				LD_RUNPATH_SEARCH_PATHS = (
					"$(inherited)",
					"@executable_path/Frameworks",
				);
				PRODUCT_BUNDLE_IDENTIFIER = com.bigbois.Project;
				PRODUCT_NAME = "$(TARGET_NAME)";
				SWIFT_VERSION = 5.0;
				TARGETED_DEVICE_FAMILY = "1,2";
			};
			name = Debug;
		};
		560D1FAE24BE1D5100419424 /* Release */ = {
			isa = XCBuildConfiguration;
			baseConfigurationReference = 69BDFDE8A0B6790A2D1A4B19 /* Pods-Project.release.xcconfig */;
			buildSettings = {
				ASSETCATALOG_COMPILER_APPICON_NAME = AppIcon;
				CODE_SIGN_STYLE = Automatic;
				INFOPLIST_FILE = Project/Info.plist;
				LD_RUNPATH_SEARCH_PATHS = (
					"$(inherited)",
					"@executable_path/Frameworks",
				);
				PRODUCT_BUNDLE_IDENTIFIER = com.bigbois.Project;
				PRODUCT_NAME = "$(TARGET_NAME)";
				SWIFT_VERSION = 5.0;
				TARGETED_DEVICE_FAMILY = "1,2";
			};
			name = Release;
		};
		560D1FB024BE1D5100419424 /* Debug */ = {
			isa = XCBuildConfiguration;
			baseConfigurationReference = 742BF2F2EB797A21E6243A48 /* Pods-ProjectTests.debug.xcconfig */;
			buildSettings = {
				ALWAYS_EMBED_SWIFT_STANDARD_LIBRARIES = YES;
				BUNDLE_LOADER = "$(TEST_HOST)";
				CODE_SIGN_STYLE = Automatic;
				INFOPLIST_FILE = ProjectTests/Info.plist;
				IPHONEOS_DEPLOYMENT_TARGET = 13.2;
				LD_RUNPATH_SEARCH_PATHS = (
					"$(inherited)",
					"@executable_path/Frameworks",
					"@loader_path/Frameworks",
				);
				PRODUCT_BUNDLE_IDENTIFIER = com.bigbois.ProjectTests;
				PRODUCT_NAME = "$(TARGET_NAME)";
				SWIFT_VERSION = 5.0;
				TARGETED_DEVICE_FAMILY = "1,2";
				TEST_HOST = "$(BUILT_PRODUCTS_DIR)/Project.app/Project";
			};
			name = Debug;
		};
		560D1FB124BE1D5100419424 /* Release */ = {
			isa = XCBuildConfiguration;
			baseConfigurationReference = 0AF1650FF44E71B05CD40676 /* Pods-ProjectTests.release.xcconfig */;
			buildSettings = {
				ALWAYS_EMBED_SWIFT_STANDARD_LIBRARIES = YES;
				BUNDLE_LOADER = "$(TEST_HOST)";
				CODE_SIGN_STYLE = Automatic;
				INFOPLIST_FILE = ProjectTests/Info.plist;
				IPHONEOS_DEPLOYMENT_TARGET = 13.2;
				LD_RUNPATH_SEARCH_PATHS = (
					"$(inherited)",
					"@executable_path/Frameworks",
					"@loader_path/Frameworks",
				);
				PRODUCT_BUNDLE_IDENTIFIER = com.bigbois.ProjectTests;
				PRODUCT_NAME = "$(TARGET_NAME)";
				SWIFT_VERSION = 5.0;
				TARGETED_DEVICE_FAMILY = "1,2";
				TEST_HOST = "$(BUILT_PRODUCTS_DIR)/Project.app/Project";
			};
			name = Release;
		};
		560D1FB324BE1D5100419424 /* Debug */ = {
			isa = XCBuildConfiguration;
			baseConfigurationReference = 9471E36B82DA9916BECEA989 /* Pods-Project-ProjectUITests.debug.xcconfig */;
			buildSettings = {
				ALWAYS_EMBED_SWIFT_STANDARD_LIBRARIES = YES;
				CODE_SIGN_STYLE = Automatic;
				INFOPLIST_FILE = ProjectUITests/Info.plist;
				LD_RUNPATH_SEARCH_PATHS = (
					"$(inherited)",
					"@executable_path/Frameworks",
					"@loader_path/Frameworks",
				);
				PRODUCT_BUNDLE_IDENTIFIER = com.bigbois.ProjectUITests;
				PRODUCT_NAME = "$(TARGET_NAME)";
				SWIFT_VERSION = 5.0;
				TARGETED_DEVICE_FAMILY = "1,2";
				TEST_TARGET_NAME = Project;
			};
			name = Debug;
		};
		560D1FB424BE1D5100419424 /* Release */ = {
			isa = XCBuildConfiguration;
			baseConfigurationReference = A99D2276FDF4954632DEF15F /* Pods-Project-ProjectUITests.release.xcconfig */;
			buildSettings = {
				ALWAYS_EMBED_SWIFT_STANDARD_LIBRARIES = YES;
				CODE_SIGN_STYLE = Automatic;
				INFOPLIST_FILE = ProjectUITests/Info.plist;
				LD_RUNPATH_SEARCH_PATHS = (
					"$(inherited)",
					"@executable_path/Frameworks",
					"@loader_path/Frameworks",
				);
				PRODUCT_BUNDLE_IDENTIFIER = com.bigbois.ProjectUITests;
				PRODUCT_NAME = "$(TARGET_NAME)";
				SWIFT_VERSION = 5.0;
				TARGETED_DEVICE_FAMILY = "1,2";
				TEST_TARGET_NAME = Project;
			};
			name = Release;
		};
/* End XCBuildConfiguration section */

/* Begin XCConfigurationList section */
		560D1F7D24BE1D5000419424 /* Build configuration list for PBXProject "Project" */ = {
			isa = XCConfigurationList;
			buildConfigurations = (
				560D1FAA24BE1D5100419424 /* Debug */,
				560D1FAB24BE1D5100419424 /* Release */,
			);
			defaultConfigurationIsVisible = 0;
			defaultConfigurationName = Release;
		};
		560D1FAC24BE1D5100419424 /* Build configuration list for PBXNativeTarget "Project" */ = {
			isa = XCConfigurationList;
			buildConfigurations = (
				560D1FAD24BE1D5100419424 /* Debug */,
				560D1FAE24BE1D5100419424 /* Release */,
			);
			defaultConfigurationIsVisible = 0;
			defaultConfigurationName = Release;
		};
		560D1FAF24BE1D5100419424 /* Build configuration list for PBXNativeTarget "ProjectTests" */ = {
			isa = XCConfigurationList;
			buildConfigurations = (
				560D1FB024BE1D5100419424 /* Debug */,
				560D1FB124BE1D5100419424 /* Release */,
			);
			defaultConfigurationIsVisible = 0;
			defaultConfigurationName = Release;
		};
		560D1FB224BE1D5100419424 /* Build configuration list for PBXNativeTarget "ProjectUITests" */ = {
			isa = XCConfigurationList;
			buildConfigurations = (
				560D1FB324BE1D5100419424 /* Debug */,
				560D1FB424BE1D5100419424 /* Release */,
			);
			defaultConfigurationIsVisible = 0;
			defaultConfigurationName = Release;
		};
/* End XCConfigurationList section */
	};
	rootObject = 560D1F7A24BE1D5000419424 /* Project object */;
}
